# THIS IS AN AUTOGENERATED FILE. DO NOT EDIT THIS FILE DIRECTLY.
# yarn lockfile v1


"@babel/runtime@^7.5.5", "@babel/runtime@^7.9.2":
  version "7.9.6"
  resolved "https://registry.npm.taobao.org/@babel/runtime/download/@babel/runtime-7.9.6.tgz#a9102eb5cadedf3f31d08a9ecf294af7827ea29f"
  integrity sha1-qRAutcre3z8x0IqezylK94J+op8=
  dependencies:
    regenerator-runtime "^0.13.4"

"@videojs/http-streaming@1.12.3":
  version "1.12.3"
  resolved "https://registry.npm.taobao.org/@videojs/http-streaming/download/@videojs/http-streaming-1.12.3.tgz#99d0779ca14f127eb4f42b5be7b31585687ca5f5"
  integrity sha1-mdB3nKFPEn609Ctb57MVhWh8pfU=
  dependencies:
    aes-decrypter "3.0.0"
    global "^4.3.0"
    m3u8-parser "4.4.0"
    mpd-parser "0.10.0"
    mux.js "5.5.1"
    url-toolkit "^2.1.3"
    video.js "^6.8.0 || ^7.0.0"

"@videojs/vhs-utils@^1.1.0":
  version "1.3.0"
  resolved "https://registry.npm.taobao.org/@videojs/vhs-utils/download/@videojs/vhs-utils-1.3.0.tgz#04fe402f603af9a5df4b88881fabba0cf13814c2"
  integrity sha1-BP5AL2A6+aXfS4iIH6u6DPE4FMI=
  dependencies:
    "@babel/runtime" "^7.5.5"
    global "^4.3.2"
    url-toolkit "^2.1.6"

"@videojs/xhr@2.5.1":
  version "2.5.1"
  resolved "https://registry.npm.taobao.org/@videojs/xhr/download/@videojs/xhr-2.5.1.tgz#26bc5a79dbb3b03bfb13742c6ce559f89e90719e"
  integrity sha1-JrxaeduzsDv7E3QsbOVZ+J6QcZ4=
  dependencies:
    "@babel/runtime" "^7.5.5"
    global "~4.4.0"
    is-function "^1.0.1"

aes-decrypter@3.0.0:
  version "3.0.0"
  resolved "https://registry.npm.taobao.org/aes-decrypter/download/aes-decrypter-3.0.0.tgz#7848a1c145b9fdbf57ae3e2b5b1bc7cf0644a8fb"
  integrity sha1-eEihwUW5/b9Xrj4rWxvHzwZEqPs=
  dependencies:
    commander "^2.9.0"
    global "^4.3.2"
    pkcs7 "^1.0.2"

animate.css@^4.0.0:
  version "4.0.0"
  resolved "https://registry.npm.taobao.org/animate.css/download/animate.css-4.0.0.tgz#28b13e476cbb7cf936b2d71b07f46ca87e9a14b3"
  integrity sha1-KLE+R2y7fPk2stcbB/RsqH6aFLM=

bootstrap@^4.4.1:
  version "4.4.1"
  resolved "https://registry.npm.taobao.org/bootstrap/download/bootstrap-4.4.1.tgz#8582960eea0c5cd2bede84d8b0baf3789c3e8b01"
  integrity sha1-hYKWDuoMXNK+3oTYsLrzeJw+iwE=

commander@^2.9.0:
  version "2.20.3"
  resolved "https://registry.npm.taobao.org/commander/download/commander-2.20.3.tgz?cache=0&sync_timestamp=1587782011624&other_urls=https%3A%2F%2Fregistry.npm.taobao.org%2Fcommander%2Fdownload%2Fcommander-2.20.3.tgz#fd485e84c03eb4881c20722ba48035e8531aeb33"
  integrity sha1-/UhehMA+tIgcIHIrpIA16FMa6zM=

dom-walk@^0.1.0:
  version "0.1.2"
  resolved "https://registry.npm.taobao.org/dom-walk/download/dom-walk-0.1.2.tgz?cache=0&sync_timestamp=1585904793959&other_urls=https%3A%2F%2Fregistry.npm.taobao.org%2Fdom-walk%2Fdownload%2Fdom-walk-0.1.2.tgz#0c548bef048f4d1f2a97249002236060daa3fd84"
  integrity sha1-DFSL7wSPTR8qlySQAiNgYNqj/YQ=

global@4.3.2:
  version "4.3.2"
  resolved "https://registry.npm.taobao.org/global/download/global-4.3.2.tgz#e76989268a6c74c38908b1305b10fc0e394e9d0f"
  integrity sha1-52mJJopsdMOJCLEwWxD8DjlOnQ8=
  dependencies:
    min-document "^2.19.0"
    process "~0.5.1"

global@^4.3.0, global@^4.3.1, global@^4.3.2, global@~4.4.0:
  version "4.4.0"
  resolved "https://registry.npm.taobao.org/global/download/global-4.4.0.tgz#3e7b105179006a323ed71aafca3e9c57a5cc6406"
  integrity sha1-PnsQUXkAajI+1xqvyj6cV6XMZAY=
  dependencies:
    min-document "^2.19.0"
    process "^0.11.10"

individual@^2.0.0:
  version "2.0.0"
  resolved "https://registry.npm.taobao.org/individual/download/individual-2.0.0.tgz#833b097dad23294e76117a98fb38e0d9ad61bb97"
  integrity sha1-gzsJfa0jKU52EXqY+zjg2a1hu5c=

is-function@^1.0.1:
  version "1.0.2"
  resolved "https://registry.npm.taobao.org/is-function/download/is-function-1.0.2.tgz#4f097f30abf6efadac9833b17ca5dc03f8144e08"
  integrity sha1-Twl/MKv2762smDOxfKXcA/gUTgg=

jquery@^3.5.1:
  version "3.5.1"
  resolved "https://registry.npm.taobao.org/jquery/download/jquery-3.5.1.tgz#d7b4d08e1bfdb86ad2f1a3d039ea17304717abb5"
  integrity sha1-17TQjhv9uGrS8aPQOeoXMEcXq7U=

keycode@^2.2.0:
  version "2.2.0"
  resolved "https://registry.npm.taobao.org/keycode/download/keycode-2.2.0.tgz#3d0af56dc7b8b8e5cba8d0a97f107204eec22b04"
  integrity sha1-PQr1bce4uOXLqNCpfxByBO7CKwQ=

m3u8-parser@4.4.0:
  version "4.4.0"
  resolved "https://registry.npm.taobao.org/m3u8-parser/download/m3u8-parser-4.4.0.tgz#adf606c0af6d97f6750095a42006c2ae03dde177"
  integrity sha1-rfYGwK9tl/Z1AJWkIAbCrgPd4Xc=
  dependencies:
    global "^4.3.2"

min-document@^2.19.0:
  version "2.19.0"
  resolved "https://registry.npm.taobao.org/min-document/download/min-document-2.19.0.tgz#7bd282e3f5842ed295bb748cdd9f1ffa2c824685"
  integrity sha1-e9KC4/WELtKVu3SM3Z8f+iyCRoU=
  dependencies:
    dom-walk "^0.1.0"

mpd-parser@0.10.0:
  version "0.10.0"
  resolved "https://registry.npm.taobao.org/mpd-parser/download/mpd-parser-0.10.0.tgz#e48a39a4ecd3b5bbd0ed4ac5991b9cc36bcd9599"
  integrity sha1-5Io5pOzTtbvQ7UrFmRucw2vNlZk=
  dependencies:
    "@babel/runtime" "^7.5.5"
    "@videojs/vhs-utils" "^1.1.0"
    global "^4.3.2"
    xmldom "^0.1.27"

mux.js@5.5.1:
  version "5.5.1"
  resolved "https://registry.npm.taobao.org/mux.js/download/mux.js-5.5.1.tgz#5bd5d7b2e5e5560da8126928e93af3c532e08372"
  integrity sha1-W9XXsuXlVg2oEmko6TrzxTLgg3I=

pkcs7@^1.0.2:
  version "1.0.2"
  resolved "https://registry.npm.taobao.org/pkcs7/download/pkcs7-1.0.2.tgz#b6dba527528c2942bfc122ce2dafcdb5e59074e7"
  integrity sha1-ttulJ1KMKUK/wSLOLa/NteWQdOc=

process@^0.11.10:
  version "0.11.10"
  resolved "https://registry.npm.taobao.org/process/download/process-0.11.10.tgz#7332300e840161bda3e69a1d1d91a7d4bc16f182"
  integrity sha1-czIwDoQBYb2j5podHZGn1LwW8YI=

process@~0.5.1:
  version "0.5.2"
  resolved "https://registry.npm.taobao.org/process/download/process-0.5.2.tgz#1638d8a8e34c2f440a91db95ab9aeb677fc185cf"
  integrity sha1-FjjYqONML0QKkduVq5rrZ3/Bhc8=

regenerator-runtime@^0.13.4:
  version "0.13.5"
  resolved "https://registry.npm.taobao.org/regenerator-runtime/download/regenerator-runtime-0.13.5.tgz#d878a1d094b4306d10b9096484b33ebd55e26697"
  integrity sha1-2Hih0JS0MG0QuQlkhLM+vVXiZpc=

rust-result@^1.0.0:
  version "1.0.0"
  resolved "https://registry.npm.taobao.org/rust-result/download/rust-result-1.0.0.tgz#34c75b2e6dc39fe5875e5bdec85b5e0f91536f72"
  integrity sha1-NMdbLm3Dn+WHXlveyFteD5FTb3I=
  dependencies:
    individual "^2.0.0"

safe-json-parse@4.0.0:
  version "4.0.0"
  resolved "https://registry.npm.taobao.org/safe-json-parse/download/safe-json-parse-4.0.0.tgz#7c0f578cfccd12d33a71c0e05413e2eca171eaac"
  integrity sha1-fA9XjPzNEtM6ccDgVBPi7KFx6qw=
  dependencies:
    rust-result "^1.0.0"

url-toolkit@^2.1.3, url-toolkit@^2.1.6:
  version "2.1.6"
  resolved "https://registry.npm.taobao.org/url-toolkit/download/url-toolkit-2.1.6.tgz#6d03246499e519aad224c44044a4ae20544154f2"
  integrity sha1-bQMkZJnlGarSJMRARKSuIFRBVPI=

"video.js@^6.8.0 || ^7.0.0", video.js@^7.7.6:
  version "7.7.6"
  resolved "https://registry.npm.taobao.org/video.js/download/video.js-7.7.6.tgz#f2c492387682318a21ef442cf63847d72faaa1db"
  integrity sha1-8sSSOHaCMYoh70Qs9jhH1y+qods=
  dependencies:
    "@babel/runtime" "^7.9.2"
    "@videojs/http-streaming" "1.12.3"
    "@videojs/xhr" "2.5.1"
    global "4.3.2"
    keycode "^2.2.0"
    safe-json-parse "4.0.0"
    videojs-font "3.2.0"
    videojs-vtt.js "^0.15.2"

videojs-font@3.2.0:
  version "3.2.0"
  resolved "https://registry.npm.taobao.org/videojs-font/download/videojs-font-3.2.0.tgz#212c9d3f4e4ec3fa7345167d64316add35e92232"
  integrity sha1-ISydP05Ow/pzRRZ9ZDFq3TXpIjI=

videojs-vtt.js@^0.15.2:
  version "0.15.2"
  resolved "https://registry.npm.taobao.org/videojs-vtt.js/download/videojs-vtt.js-0.15.2.tgz#a828c4ea0aac6303fa471fd69bc7586a5ba1a273"
  integrity sha1-qCjE6gqsYwP6Rx/Wm8dYaluhonM=
  dependencies:
    global "^4.3.1"

xmldom@^0.1.27:
  version "0.1.31"
  resolved "https://registry.npm.taobao.org/xmldom/download/xmldom-0.1.31.tgz#b76c9a1bd9f0a9737e5a72dc37231cf38375e2ff"
  integrity sha1-t2yaG9nwqXN+WnLcNyMc84N14v8=
